
Microsoft Visual Studio Solution File, Format Version 12.00
# Visual Studio 15
VisualStudioVersion = 15.0.26430.15
MinimumVisualStudioVersion = 10.0.40219.1
Project("{FAE04EC0-301F-11D3-BF4B-00C04F79EFBC}") = "UnitTestProject.net45", "iisexpressmeetsxunit\UnitTestProject1\UnitTestProject.net45.csproj", "{9A95FA3B-E9AC-4E1D-9E96-0F9411ACD695}"
EndProject
Project("{FAE04EC0-301F-11D3-BF4B-00C04F79EFBC}") = "iisexpressmeetsxunit.net45", "iisexpressmeetsxunit\iisexpressmeetsxunit.net45\iisexpressmeetsxunit.net45.csproj", "{08A44E93-7517-475E-953F-3B99C3434A88}"
EndProject
Global
	GlobalSection(SolutionConfigurationPlatforms) = preSolution
		Debug|Any CPU = Debug|Any CPU
		Release|Any CPU = Release|Any CPU
	EndGlobalSection
	GlobalSection(ProjectConfigurationPlatforms) = postSolution
		{9A95FA3B-E9AC-4E1D-9E96-0F9411ACD695}.Debug|Any CPU.ActiveCfg = Debug|Any CPU
		{9A95FA3B-E9AC-4E1D-9E96-0F9411ACD695}.Debug|Any CPU.Build.0 = Debug|Any CPU
		{9A95FA3B-E9AC-4E1D-9E96-0F9411ACD695}.Release|Any CPU.ActiveCfg = Release|Any CPU
		{9A95FA3B-E9AC-4E1D-9E96-0F9411ACD695}.Release|Any CPU.Build.0 = Release|Any CPU
		{08A44E93-7517-475E-953F-3B99C3434A88}.Debug|Any CPU.ActiveCfg = Debug|Any CPU
		{08A44E93-7517-475E-953F-3B99C3434A88}.Debug|Any CPU.Build.0 = Debug|Any CPU
		{08A44E93-7517-475E-953F-3B99C3434A88}.Release|Any CPU.ActiveCfg = Release|Any CPU
		{08A44E93-7517-475E-953F-3B99C3434A88}.Release|Any CPU.Build.0 = Release|Any CPU
	EndGlobalSection
	GlobalSection(SolutionProperties) = preSolution
		HideSolutionNode = FALSE
	EndGlobalSection
EndGlobal
